<?xml version="1.0" encoding="utf-8"?>
<Project ToolsVersion="4.0" xmlns="http://schemas.microsoft.com/developer/msbuild/2003">
  <ItemGroup>
    <Filter Include="Source Files">
      <UniqueIdentifier>{4FC737F1-C7A5-4376-A066-2A32D752A2FF}</UniqueIdentifier>
      <Extensions>cpp;c;cc;cxx;c++;cppm;ixx;def;odl;idl;hpj;bat;asm;asmx</Extensions>
    </Filter>
    <Filter Include="Header Files">
      <UniqueIdentifier>{93995380-89BD-4b04-88EB-625FBE52EBFB}</UniqueIdentifier>
      <Extensions>h;hh;hpp;hxx;h++;hm;inl;inc;ipp;xsd</Extensions>
    </Filter>
    <Filter Include="Resource Files">
      <UniqueIdentifier>{67DA6AB6-F800-4c08-8B7A-83BB121AAD01}</UniqueIdentifier>
      <Extensions>rc;ico;cur;bmp;dlg;rc2;rct;bin;rgs;gif;jpg;jpeg;jpe;resx;tiff;tif;png;wav;mfcribbon-ms</Extensions>
    </Filter>
    <Filter Include="WOB">
      <UniqueIdentifier>{a499e3ae-ce31-4fc4-b3a6-d915daa36028}</UniqueIdentifier>
    </Filter>
    <Filter Include="Vector2D">
      <UniqueIdentifier>{0723d913-9c1e-4f2e-a964-b75ff9738b7a}</UniqueIdentifier>
    </Filter>
    <Filter Include="Biograph">
      <UniqueIdentifier>{dfa628ad-fced-4b57-92da-a2a21ebe332e}</UniqueIdentifier>
    </Filter>
    <Filter Include="WinMain">
      <UniqueIdentifier>{533208d3-b6f9-4280-a3af-b954f18cc3f6}</UniqueIdentifier>
    </Filter>
    <Filter Include="BioLine">
      <UniqueIdentifier>{ee402ac7-c081-4336-b280-0b35c9edd712}</UniqueIdentifier>
    </Filter>
  </ItemGroup>
  <ItemGroup>
    <ClInclude Include="framework.h">
      <Filter>Header Files</Filter>
    </ClInclude>
    <ClInclude Include="targetver.h">
      <Filter>Header Files</Filter>
    </ClInclude>
    <ClInclude Include="Resource.h">
      <Filter>Header Files</Filter>
    </ClInclude>
    <ClInclude Include="WorldOfBiograph.h">
      <Filter>WOB</Filter>
    </ClInclude>
    <ClInclude Include="Vector2D.h">
      <Filter>Vector2D</Filter>
    </ClInclude>
    <ClInclude Include="BioGraph.h">
      <Filter>Biograph</Filter>
    </ClInclude>
    <ClInclude Include="typedef.h">
      <Filter>Header Files</Filter>
    </ClInclude>
    <ClInclude Include="Genes.h">
      <Filter>Header Files</Filter>
    </ClInclude>
    <ClInclude Include="BioLine.h">
      <Filter>BioLine</Filter>
    </ClInclude>
  </ItemGroup>
  <ItemGroup>
    <ResourceCompile Include="WorldOfBiograph.rc">
      <Filter>Resource Files</Filter>
    </ResourceCompile>
  </ItemGroup>
  <ItemGroup>
    <Image Include="small.ico">
      <Filter>Resource Files</Filter>
    </Image>
    <Image Include="WorldOfBiograph.ico">
      <Filter>Resource Files</Filter>
    </Image>
  </ItemGroup>
  <ItemGroup>
    <ClCompile Include="WorldOfBiograph.cpp">
      <Filter>WOB</Filter>
    </ClCompile>
    <ClCompile Include="Vector2D.cpp">
      <Filter>Vector2D</Filter>
    </ClCompile>
    <ClCompile Include="BioGraph.cpp">
      <Filter>Biograph</Filter>
    </ClCompile>
    <ClCompile Include="WinMain.cpp">
      <Filter>WinMain</Filter>
    </ClCompile>
    <ClCompile Include="BioLine.cpp">
      <Filter>BioLine</Filter>
    </ClCompile>
  </ItemGroup>
</Project>